PODS:
  - Alamofire (4.0.1)
  - CryptoSwift (0.6.0)
  - ILPDFKit (1.0.5)
  - MBProgressHUD (1.0.0)
  - SwiftyJSON (3.1.0)

DEPENDENCIES:
  - Alamofire (~> 4.0)
  - CryptoSwift
  - ILPDFKit
  - MBProgressHUD
  - SwiftyJSON

SPEC CHECKSUMS:
  Alamofire: 7682d43245de14874acd142ec137b144aa1dd335
  CryptoSwift: 4a599b7241b8d3b857d6e2c28867d0bd5d1aae24
  ILPDFKit: e208473cc97dd889c1cdf97711816be1ec64f8fe
  MBProgressHUD: 4890f671c94e8a0f3cf959aa731e9de2f036d71a
  SwiftyJSON: 29b9f2a64f118c07e691667c2ba1efe536acfe0b

PODFILE CHECKSUM: feef4bc931fedbf358da884aa1cff28ae3abee4b

COCOAPODS: 1.1.1
